
Microsoft Visual Studio Solution File, Format Version 12.00
# Visual Studio Version 17
VisualStudioVersion = 17.4.33122.133
MinimumVisualStudioVersion = 10.0.40219.1
Project("{FAE04EC0-301F-11D3-BF4B-00C04F79EFBC}") = "KsiazkaXAMARIN.Android", "KsiazkaXAMARIN\KsiazkaXAMARIN.Android\KsiazkaXAMARIN.Android.csproj", "{A1BED793-9BA0-41F0-8FEF-5F6DE35BCAD5}"
EndProject
Project("{FAE04EC0-301F-11D3-BF4B-00C04F79EFBC}") = "KsiazkaXAMARIN", "KsiazkaXAMARIN\KsiazkaXAMARIN\KsiazkaXAMARIN.csproj", "{A83C7401-6046-4475-BC98-DAC96DCA15FD}"
EndProject
Global
	GlobalSection(SolutionConfigurationPlatforms) = preSolution
		Debug|Any CPU = Debug|Any CPU
		Release|Any CPU = Release|Any CPU
	EndGlobalSection
	GlobalSection(ProjectConfigurationPlatforms) = postSolution
		{A1BED793-9BA0-41F0-8FEF-5F6DE35BCAD5}.Debug|Any CPU.ActiveCfg = Debug|Any CPU
		{A1BED793-9BA0-41F0-8FEF-5F6DE35BCAD5}.Debug|Any CPU.Build.0 = Debug|Any CPU
		{A1BED793-9BA0-41F0-8FEF-5F6DE35BCAD5}.Debug|Any CPU.Deploy.0 = Debug|Any CPU
		{A1BED793-9BA0-41F0-8FEF-5F6DE35BCAD5}.Release|Any CPU.ActiveCfg = Release|Any CPU
		{A1BED793-9BA0-41F0-8FEF-5F6DE35BCAD5}.Release|Any CPU.Build.0 = Release|Any CPU
		{A1BED793-9BA0-41F0-8FEF-5F6DE35BCAD5}.Release|Any CPU.Deploy.0 = Release|Any CPU
		{A83C7401-6046-4475-BC98-DAC96DCA15FD}.Debug|Any CPU.ActiveCfg = Debug|Any CPU
		{A83C7401-6046-4475-BC98-DAC96DCA15FD}.Debug|Any CPU.Build.0 = Debug|Any CPU
		{A83C7401-6046-4475-BC98-DAC96DCA15FD}.Debug|Any CPU.Deploy.0 = Debug|Any CPU
		{A83C7401-6046-4475-BC98-DAC96DCA15FD}.Release|Any CPU.ActiveCfg = Release|Any CPU
		{A83C7401-6046-4475-BC98-DAC96DCA15FD}.Release|Any CPU.Build.0 = Release|Any CPU
		{A83C7401-6046-4475-BC98-DAC96DCA15FD}.Release|Any CPU.Deploy.0 = Release|Any CPU
	EndGlobalSection
	GlobalSection(SolutionProperties) = preSolution
		HideSolutionNode = FALSE
	EndGlobalSection
	GlobalSection(ExtensibilityGlobals) = postSolution
		SolutionGuid = {D95ECBD8-43E0-47C7-9CC9-43321A6AAA6F}
	EndGlobalSection
EndGlobal
